github.com/BurntSushi/toml v0.3.1 h1:WXkYYl6Yr3qBf1K79EBnL4mak0OimBfB0XUf9Vl28OQ=
github.com/BurntSushi/toml v0.3.1/go.mod h1:xHWCNGjB5oqiDr8zfno3MHue2Ht5sIBksp03qcyfWMU=
libvirt.org/libvirt-go v6.1.0+incompatible h1:JixUuNHMXDoJLExHEVFtCi5S9VNAS2nYhGJ612EIp+4=
libvirt.org/libvirt-go v6.1.0+incompatible/go.mod h1:CPoljLoiC2aEw+62g1rZXl2oXAJaNsrq4YCSmJOELek=
